
Microsoft Visual Studio Solution File, Format Version 12.00
# Visual Studio 15
VisualStudioVersion = 15.0.27703.2035
MinimumVisualStudioVersion = 10.0.40219.1
Project("{FAE04EC0-301F-11D3-BF4B-00C04F79EFBC}") = "ReadFile", "ReadFile\ReadFile.csproj", "{39252110-2E46-4E18-90E9-8DAB91DC3C57}"
EndProject
Global
	GlobalSection(SolutionConfigurationPlatforms) = preSolution
		Debug|Any CPU = Debug|Any CPU
		Release|Any CPU = Release|Any CPU
	EndGlobalSection
	GlobalSection(ProjectConfigurationPlatforms) = postSolution
		{39252110-2E46-4E18-90E9-8DAB91DC3C57}.Debug|Any CPU.ActiveCfg = Debug|Any CPU
		{39252110-2E46-4E18-90E9-8DAB91DC3C57}.Debug|Any CPU.Build.0 = Debug|Any CPU
		{39252110-2E46-4E18-90E9-8DAB91DC3C57}.Release|Any CPU.ActiveCfg = Release|Any CPU
		{39252110-2E46-4E18-90E9-8DAB91DC3C57}.Release|Any CPU.Build.0 = Release|Any CPU
	EndGlobalSection
	GlobalSection(SolutionProperties) = preSolution
		HideSolutionNode = FALSE
	EndGlobalSection
	GlobalSection(ExtensibilityGlobals) = postSolution
		SolutionGuid = {E662961C-DBDE-4A78-A2B0-EFC76273854E}
	EndGlobalSection
EndGlobal
